
Microsoft Visual Studio Solution File, Format Version 12.00
# Visual Studio Version 17
VisualStudioVersion = 17.11.35222.181
MinimumVisualStudioVersion = 10.0.40219.1
Project("{888888A0-9F3D-457C-B088-3A5042F75D52}") = "Witch Hunt", "Witch Hunt\Witch Hunt.pyproj", "{E43E504B-FAE0-4C2F-A3AC-2695D25F470C}"
EndProject
Global
	GlobalSection(SolutionConfigurationPlatforms) = preSolution
		Debug|Any CPU = Debug|Any CPU
		Release|Any CPU = Release|Any CPU
	EndGlobalSection
	GlobalSection(ProjectConfigurationPlatforms) = postSolution
		{E43E504B-FAE0-4C2F-A3AC-2695D25F470C}.Debug|Any CPU.ActiveCfg = Debug|Any CPU
		{E43E504B-FAE0-4C2F-A3AC-2695D25F470C}.Release|Any CPU.ActiveCfg = Release|Any CPU
	EndGlobalSection
	GlobalSection(SolutionProperties) = preSolution
		HideSolutionNode = FALSE
	EndGlobalSection
	GlobalSection(ExtensibilityGlobals) = postSolution
		SolutionGuid = {5B561F4F-C56B-494C-A95D-0046BF287A7B}
	EndGlobalSection
EndGlobal
